
Microsoft Visual Studio Solution File, Format Version 12.00
# Visual Studio Version 16
VisualStudioVersion = 16.0.30011.22
MinimumVisualStudioVersion = 10.0.40219.1
Project("{8BC9CEB8-8B4A-11D0-8D11-00A0C91BC942}") = "RS232_Setup", "Blocks\RS232_Setup\RS232_Setup.vcxproj", "{3B5ADC16-EAAB-4EE3-BEB1-0D0E1D59F34C}"
EndProject
Project("{8BC9CEB8-8B4A-11D0-8D11-00A0C91BC942}") = "RS232_Create_Buffer", "Blocks\RS232_Create_Buffer\RS232_Create_Buffer.vcxproj", "{7AFA50A9-F605-436B-864D-B9F732AAAC2D}"
EndProject
Project("{8BC9CEB8-8B4A-11D0-8D11-00A0C91BC942}") = "RS232_Read_Buffer", "Blocks\RS232_Read_Buffer\RS232_Read_Buffer.vcxproj", "{B3FAAC9A-2FA0-47CC-B0A7-DFA4840E13E6}"
EndProject
Project("{8BC9CEB8-8B4A-11D0-8D11-00A0C91BC942}") = "RS232_Wait_Buffer_Synch", "Blocks\RS232_Wait_Buffer_Synch\RS232_Wait_Buffer_Synch.vcxproj", "{AFDBB396-5AFF-47CC-8C12-BDEBCABCE18C}"
EndProject
Project("{8BC9CEB8-8B4A-11D0-8D11-00A0C91BC942}") = "RS232_Write_Format", "Blocks\RS232_Write_Format\RS232_Write_Format.vcxproj", "{C2B663B5-B721-40A3-93CD-F15F1D6AC881}"
EndProject
Project("{8BC9CEB8-8B4A-11D0-8D11-00A0C91BC942}") = "RS232_Buffer_Size", "Blocks\RS232_Buffer_Size\RS232_Buffer_Size.vcxproj", "{B3E1B105-DF8F-4B3E-98CE-30EE4240009A}"
EndProject
Project("{8BC9CEB8-8B4A-11D0-8D11-00A0C91BC942}") = "RS232_PeekB_Buffer", "Blocks\RS232_PeekB_Buffer\RS232_PeekB_Buffer.vcxproj", "{67AD34A8-F5B6-4432-8D99-886EE3486DD0}"
EndProject
Project("{8BC9CEB8-8B4A-11D0-8D11-00A0C91BC942}") = "RS232_Read_Fix_Format", "Blocks\RS232_Read_Fix_Format\RS232_Read_Fix_Format.vcxproj", "{6815D05B-B52A-444F-AE70-BC8A7460C216}"
EndProject
Project("{8BC9CEB8-8B4A-11D0-8D11-00A0C91BC942}") = "RS232_Read_Format", "Blocks\RS232_Read_Format\RS232_Read_Format.vcxproj", "{DCA8003A-3D45-4F69-A69F-BE3EC352DE86}"
EndProject
Project("{8BC9CEB8-8B4A-11D0-8D11-00A0C91BC942}") = "RS232_ReadB_Buffer", "Blocks\RS232_ReadB_Buffer\RS232_ReadB_Buffer.vcxproj", "{E10291BE-09D6-4A46-A474-10B0213C461B}"
EndProject
Project("{8BC9CEB8-8B4A-11D0-8D11-00A0C91BC942}") = "RS232_SynchB_Buffer", "Blocks\RS232_SynchB_Buffer\RS232_SynchB_Buffer.vcxproj", "{FEC5779B-83D5-44A7-A951-6A9DBA8FD62D}"
EndProject
Project("{8BC9CEB8-8B4A-11D0-8D11-00A0C91BC942}") = "RS232_WriteString", "Blocks\RS232_WriteString\RS232_WriteString.vcxproj", "{5F5ED421-9D9E-41B8-8713-5AC552D741F3}"
EndProject
Project("{8BC9CEB8-8B4A-11D0-8D11-00A0C91BC942}") = "RS232_Write_Binary", "Blocks\RS232_Write_Binary\RS232_Write_Binary.vcxproj", "{2B609CFC-AB77-4737-A518-463355C8A364}"
EndProject
Project("{2150E333-8FDC-42A3-9474-1A3956D46DE8}") = "Solution Items", "Solution Items", "{AB6E018A-FCC9-47E2-A35E-BBE7FA557AAE}"
	ProjectSection(SolutionItems) = preProject
		README.md = README.md
	EndProjectSection
EndProject
Global
	GlobalSection(SolutionConfigurationPlatforms) = preSolution
		Debug|x64 = Debug|x64
		Debug|x86 = Debug|x86
		Release|x64 = Release|x64
		Release|x86 = Release|x86
	EndGlobalSection
	GlobalSection(ProjectConfigurationPlatforms) = postSolution
		{3B5ADC16-EAAB-4EE3-BEB1-0D0E1D59F34C}.Debug|x64.ActiveCfg = Debug|x64
		{3B5ADC16-EAAB-4EE3-BEB1-0D0E1D59F34C}.Debug|x64.Build.0 = Debug|x64
		{3B5ADC16-EAAB-4EE3-BEB1-0D0E1D59F34C}.Debug|x86.ActiveCfg = Debug|Win32
		{3B5ADC16-EAAB-4EE3-BEB1-0D0E1D59F34C}.Debug|x86.Build.0 = Debug|Win32
		{3B5ADC16-EAAB-4EE3-BEB1-0D0E1D59F34C}.Release|x64.ActiveCfg = Release|x64
		{3B5ADC16-EAAB-4EE3-BEB1-0D0E1D59F34C}.Release|x64.Build.0 = Release|x64
		{3B5ADC16-EAAB-4EE3-BEB1-0D0E1D59F34C}.Release|x86.ActiveCfg = Release|Win32
		{3B5ADC16-EAAB-4EE3-BEB1-0D0E1D59F34C}.Release|x86.Build.0 = Release|Win32
		{7AFA50A9-F605-436B-864D-B9F732AAAC2D}.Debug|x64.ActiveCfg = Debug|x64
		{7AFA50A9-F605-436B-864D-B9F732AAAC2D}.Debug|x64.Build.0 = Debug|x64
		{7AFA50A9-F605-436B-864D-B9F732AAAC2D}.Debug|x86.ActiveCfg = Debug|Win32
		{7AFA50A9-F605-436B-864D-B9F732AAAC2D}.Debug|x86.Build.0 = Debug|Win32
		{7AFA50A9-F605-436B-864D-B9F732AAAC2D}.Release|x64.ActiveCfg = Release|x64
		{7AFA50A9-F605-436B-864D-B9F732AAAC2D}.Release|x64.Build.0 = Release|x64
		{7AFA50A9-F605-436B-864D-B9F732AAAC2D}.Release|x86.ActiveCfg = Release|Win32
		{7AFA50A9-F605-436B-864D-B9F732AAAC2D}.Release|x86.Build.0 = Release|Win32
		{B3FAAC9A-2FA0-47CC-B0A7-DFA4840E13E6}.Debug|x64.ActiveCfg = Debug|x64
		{B3FAAC9A-2FA0-47CC-B0A7-DFA4840E13E6}.Debug|x64.Build.0 = Debug|x64
		{B3FAAC9A-2FA0-47CC-B0A7-DFA4840E13E6}.Debug|x86.ActiveCfg = Debug|Win32
		{B3FAAC9A-2FA0-47CC-B0A7-DFA4840E13E6}.Debug|x86.Build.0 = Debug|Win32
		{B3FAAC9A-2FA0-47CC-B0A7-DFA4840E13E6}.Release|x64.ActiveCfg = Release|x64
		{B3FAAC9A-2FA0-47CC-B0A7-DFA4840E13E6}.Release|x64.Build.0 = Release|x64
		{B3FAAC9A-2FA0-47CC-B0A7-DFA4840E13E6}.Release|x86.ActiveCfg = Release|Win32
		{B3FAAC9A-2FA0-47CC-B0A7-DFA4840E13E6}.Release|x86.Build.0 = Release|Win32
		{AFDBB396-5AFF-47CC-8C12-BDEBCABCE18C}.Debug|x64.ActiveCfg = Debug|x64
		{AFDBB396-5AFF-47CC-8C12-BDEBCABCE18C}.Debug|x64.Build.0 = Debug|x64
		{AFDBB396-5AFF-47CC-8C12-BDEBCABCE18C}.Debug|x86.ActiveCfg = Debug|Win32
		{AFDBB396-5AFF-47CC-8C12-BDEBCABCE18C}.Debug|x86.Build.0 = Debug|Win32
		{AFDBB396-5AFF-47CC-8C12-BDEBCABCE18C}.Release|x64.ActiveCfg = Release|x64
		{AFDBB396-5AFF-47CC-8C12-BDEBCABCE18C}.Release|x64.Build.0 = Release|x64
		{AFDBB396-5AFF-47CC-8C12-BDEBCABCE18C}.Release|x86.ActiveCfg = Release|Win32
		{AFDBB396-5AFF-47CC-8C12-BDEBCABCE18C}.Release|x86.Build.0 = Release|Win32
		{C2B663B5-B721-40A3-93CD-F15F1D6AC881}.Debug|x64.ActiveCfg = Debug|x64
		{C2B663B5-B721-40A3-93CD-F15F1D6AC881}.Debug|x64.Build.0 = Debug|x64
		{C2B663B5-B721-40A3-93CD-F15F1D6AC881}.Debug|x86.ActiveCfg = Debug|Win32
		{C2B663B5-B721-40A3-93CD-F15F1D6AC881}.Debug|x86.Build.0 = Debug|Win32
		{C2B663B5-B721-40A3-93CD-F15F1D6AC881}.Release|x64.ActiveCfg = Release|x64
		{C2B663B5-B721-40A3-93CD-F15F1D6AC881}.Release|x64.Build.0 = Release|x64
		{C2B663B5-B721-40A3-93CD-F15F1D6AC881}.Release|x86.ActiveCfg = Release|Win32
		{C2B663B5-B721-40A3-93CD-F15F1D6AC881}.Release|x86.Build.0 = Release|Win32
		{B3E1B105-DF8F-4B3E-98CE-30EE4240009A}.Debug|x64.ActiveCfg = Debug|x64
		{B3E1B105-DF8F-4B3E-98CE-30EE4240009A}.Debug|x64.Build.0 = Debug|x64
		{B3E1B105-DF8F-4B3E-98CE-30EE4240009A}.Debug|x86.ActiveCfg = Debug|Win32
		{B3E1B105-DF8F-4B3E-98CE-30EE4240009A}.Debug|x86.Build.0 = Debug|Win32
		{B3E1B105-DF8F-4B3E-98CE-30EE4240009A}.Release|x64.ActiveCfg = Release|x64
		{B3E1B105-DF8F-4B3E-98CE-30EE4240009A}.Release|x64.Build.0 = Release|x64
		{B3E1B105-DF8F-4B3E-98CE-30EE4240009A}.Release|x86.ActiveCfg = Release|Win32
		{B3E1B105-DF8F-4B3E-98CE-30EE4240009A}.Release|x86.Build.0 = Release|Win32
		{67AD34A8-F5B6-4432-8D99-886EE3486DD0}.Debug|x64.ActiveCfg = Debug|x64
		{67AD34A8-F5B6-4432-8D99-886EE3486DD0}.Debug|x64.Build.0 = Debug|x64
		{67AD34A8-F5B6-4432-8D99-886EE3486DD0}.Debug|x86.ActiveCfg = Debug|Win32
		{67AD34A8-F5B6-4432-8D99-886EE3486DD0}.Debug|x86.Build.0 = Debug|Win32
		{67AD34A8-F5B6-4432-8D99-886EE3486DD0}.Release|x64.ActiveCfg = Release|x64
		{67AD34A8-F5B6-4432-8D99-886EE3486DD0}.Release|x64.Build.0 = Release|x64
		{67AD34A8-F5B6-4432-8D99-886EE3486DD0}.Release|x86.ActiveCfg = Release|Win32
		{67AD34A8-F5B6-4432-8D99-886EE3486DD0}.Release|x86.Build.0 = Release|Win32
		{6815D05B-B52A-444F-AE70-BC8A7460C216}.Debug|x64.ActiveCfg = Debug|x64
		{6815D05B-B52A-444F-AE70-BC8A7460C216}.Debug|x64.Build.0 = Debug|x64
		{6815D05B-B52A-444F-AE70-BC8A7460C216}.Debug|x86.ActiveCfg = Debug|Win32
		{6815D05B-B52A-444F-AE70-BC8A7460C216}.Debug|x86.Build.0 = Debug|Win32
		{6815D05B-B52A-444F-AE70-BC8A7460C216}.Release|x64.ActiveCfg = Release|x64
		{6815D05B-B52A-444F-AE70-BC8A7460C216}.Release|x64.Build.0 = Release|x64
		{6815D05B-B52A-444F-AE70-BC8A7460C216}.Release|x86.ActiveCfg = Release|Win32
		{6815D05B-B52A-444F-AE70-BC8A7460C216}.Release|x86.Build.0 = Release|Win32
		{DCA8003A-3D45-4F69-A69F-BE3EC352DE86}.Debug|x64.ActiveCfg = Debug|x64
		{DCA8003A-3D45-4F69-A69F-BE3EC352DE86}.Debug|x64.Build.0 = Debug|x64
		{DCA8003A-3D45-4F69-A69F-BE3EC352DE86}.Debug|x86.ActiveCfg = Debug|Win32
		{DCA8003A-3D45-4F69-A69F-BE3EC352DE86}.Debug|x86.Build.0 = Debug|Win32
		{DCA8003A-3D45-4F69-A69F-BE3EC352DE86}.Release|x64.ActiveCfg = Release|x64
		{DCA8003A-3D45-4F69-A69F-BE3EC352DE86}.Release|x64.Build.0 = Release|x64
		{DCA8003A-3D45-4F69-A69F-BE3EC352DE86}.Release|x86.ActiveCfg = Release|Win32
		{DCA8003A-3D45-4F69-A69F-BE3EC352DE86}.Release|x86.Build.0 = Release|Win32
		{E10291BE-09D6-4A46-A474-10B0213C461B}.Debug|x64.ActiveCfg = Debug|x64
		{E10291BE-09D6-4A46-A474-10B0213C461B}.Debug|x64.Build.0 = Debug|x64
		{E10291BE-09D6-4A46-A474-10B0213C461B}.Debug|x86.ActiveCfg = Debug|Win32
		{E10291BE-09D6-4A46-A474-10B0213C461B}.Debug|x86.Build.0 = Debug|Win32
		{E10291BE-09D6-4A46-A474-10B0213C461B}.Release|x64.ActiveCfg = Release|x64
		{E10291BE-09D6-4A46-A474-10B0213C461B}.Release|x64.Build.0 = Release|x64
		{E10291BE-09D6-4A46-A474-10B0213C461B}.Release|x86.ActiveCfg = Release|Win32
		{E10291BE-09D6-4A46-A474-10B0213C461B}.Release|x86.Build.0 = Release|Win32
		{FEC5779B-83D5-44A7-A951-6A9DBA8FD62D}.Debug|x64.ActiveCfg = Debug|x64
		{FEC5779B-83D5-44A7-A951-6A9DBA8FD62D}.Debug|x64.Build.0 = Debug|x64
		{FEC5779B-83D5-44A7-A951-6A9DBA8FD62D}.Debug|x86.ActiveCfg = Debug|Win32
		{FEC5779B-83D5-44A7-A951-6A9DBA8FD62D}.Debug|x86.Build.0 = Debug|Win32
		{FEC5779B-83D5-44A7-A951-6A9DBA8FD62D}.Release|x64.ActiveCfg = Release|x64
		{FEC5779B-83D5-44A7-A951-6A9DBA8FD62D}.Release|x64.Build.0 = Release|x64
		{FEC5779B-83D5-44A7-A951-6A9DBA8FD62D}.Release|x86.ActiveCfg = Release|Win32
		{FEC5779B-83D5-44A7-A951-6A9DBA8FD62D}.Release|x86.Build.0 = Release|Win32
		{5F5ED421-9D9E-41B8-8713-5AC552D741F3}.Debug|x64.ActiveCfg = Debug|x64
		{5F5ED421-9D9E-41B8-8713-5AC552D741F3}.Debug|x64.Build.0 = Debug|x64
		{5F5ED421-9D9E-41B8-8713-5AC552D741F3}.Debug|x86.ActiveCfg = Debug|Win32
		{5F5ED421-9D9E-41B8-8713-5AC552D741F3}.Debug|x86.Build.0 = Debug|Win32
		{5F5ED421-9D9E-41B8-8713-5AC552D741F3}.Release|x64.ActiveCfg = Release|x64
		{5F5ED421-9D9E-41B8-8713-5AC552D741F3}.Release|x64.Build.0 = Release|x64
		{5F5ED421-9D9E-41B8-8713-5AC552D741F3}.Release|x86.ActiveCfg = Release|Win32
		{5F5ED421-9D9E-41B8-8713-5AC552D741F3}.Release|x86.Build.0 = Release|Win32
		{2B609CFC-AB77-4737-A518-463355C8A364}.Debug|x64.ActiveCfg = Debug|x64
		{2B609CFC-AB77-4737-A518-463355C8A364}.Debug|x64.Build.0 = Debug|x64
		{2B609CFC-AB77-4737-A518-463355C8A364}.Debug|x86.ActiveCfg = Debug|Win32
		{2B609CFC-AB77-4737-A518-463355C8A364}.Debug|x86.Build.0 = Debug|Win32
		{2B609CFC-AB77-4737-A518-463355C8A364}.Release|x64.ActiveCfg = Release|x64
		{2B609CFC-AB77-4737-A518-463355C8A364}.Release|x64.Build.0 = Release|x64
		{2B609CFC-AB77-4737-A518-463355C8A364}.Release|x86.ActiveCfg = Release|Win32
		{2B609CFC-AB77-4737-A518-463355C8A364}.Release|x86.Build.0 = Release|Win32
	EndGlobalSection
	GlobalSection(SolutionProperties) = preSolution
		HideSolutionNode = FALSE
	EndGlobalSection
	GlobalSection(ExtensibilityGlobals) = postSolution
		SolutionGuid = {5EA4DB71-35D0-4630-A8C0-F72FD2A3C578}
	EndGlobalSection
EndGlobal
